
Microsoft Visual Studio Solution File, Format Version 12.00
# Visual Studio Version 18
VisualStudioVersion = 18.6.11822.322
MinimumVisualStudioVersion = 10.0.40219.1
Project("{8BC9CEB8-8B4A-11D0-8D11-00A0C91BC942}") = "bitcoin_analyzer", "bitcoin_analyzer.vcxproj", "{E348D726-92B3-49CB-AF5D-741BDA64D8D0}"
EndProject
Project("{8BC9CEB8-8B4A-11D0-8D11-00A0C91BC942}") = "Sample_Test1", "..\Sample_Test1\Sample_Test1.vcxproj", "{F4C292C7-D918-41EC-BB9B-D6EF9A9CC7C1}"
EndProject
Global
	GlobalSection(SolutionConfigurationPlatforms) = preSolution
		Debug|x64 = Debug|x64
		Debug|x86 = Debug|x86
		Release|x64 = Release|x64
		Release|x86 = Release|x86
	EndGlobalSection
	GlobalSection(ProjectConfigurationPlatforms) = postSolution
		{E348D726-92B3-49CB-AF5D-741BDA64D8D0}.Debug|x64.ActiveCfg = Debug|x64
		{E348D726-92B3-49CB-AF5D-741BDA64D8D0}.Debug|x64.Build.0 = Debug|x64
		{E348D726-92B3-49CB-AF5D-741BDA64D8D0}.Debug|x86.ActiveCfg = Debug|Win32
		{E348D726-92B3-49CB-AF5D-741BDA64D8D0}.Debug|x86.Build.0 = Debug|Win32
		{E348D726-92B3-49CB-AF5D-741BDA64D8D0}.Release|x64.ActiveCfg = Release|x64
		{E348D726-92B3-49CB-AF5D-741BDA64D8D0}.Release|x64.Build.0 = Release|x64
		{E348D726-92B3-49CB-AF5D-741BDA64D8D0}.Release|x86.ActiveCfg = Release|Win32
		{E348D726-92B3-49CB-AF5D-741BDA64D8D0}.Release|x86.Build.0 = Release|Win32
		{F4C292C7-D918-41EC-BB9B-D6EF9A9CC7C1}.Debug|x64.ActiveCfg = Debug|x64
		{F4C292C7-D918-41EC-BB9B-D6EF9A9CC7C1}.Debug|x64.Build.0 = Debug|x64
		{F4C292C7-D918-41EC-BB9B-D6EF9A9CC7C1}.Debug|x86.ActiveCfg = Debug|Win32
		{F4C292C7-D918-41EC-BB9B-D6EF9A9CC7C1}.Debug|x86.Build.0 = Debug|Win32
		{F4C292C7-D918-41EC-BB9B-D6EF9A9CC7C1}.Release|x64.ActiveCfg = Release|x64
		{F4C292C7-D918-41EC-BB9B-D6EF9A9CC7C1}.Release|x64.Build.0 = Release|x64
		{F4C292C7-D918-41EC-BB9B-D6EF9A9CC7C1}.Release|x86.ActiveCfg = Release|Win32
		{F4C292C7-D918-41EC-BB9B-D6EF9A9CC7C1}.Release|x86.Build.0 = Release|Win32
	EndGlobalSection
	GlobalSection(SolutionProperties) = preSolution
		HideSolutionNode = FALSE
	EndGlobalSection
	GlobalSection(ExtensibilityGlobals) = postSolution
		SolutionGuid = {9DA17C51-D3D2-4FCC-BD22-46055C1FC0EF}
	EndGlobalSection
EndGlobal
